
Microsoft Visual Studio Solution File, Format Version 12.00
Project("{FAE04EC0-301F-11D3-BF4B-00C04F79EFBC}") = "BudgetPlan.Api", "BudgetPlan.Api\BudgetPlan.Api.csproj", "{F24B0E66-591D-4B6D-A95F-D1E7BB780A86}"
EndProject
Project("{2150E333-8FDC-42A3-9474-1A3956D46DE8}") = "Presentation", "Presentation", "{91F4D59C-DE49-4C54-B101-22E483FD1002}"
EndProject
Project("{FAE04EC0-301F-11D3-BF4B-00C04F79EFBC}") = "BudgetPlan.Client", "BudgetPlan.Client\BudgetPlan.Client.csproj", "{BAFB2163-0353-413E-9C69-B7A775A38BF5}"
EndProject
Project("{FAE04EC0-301F-11D3-BF4B-00C04F79EFBC}") = "BudgetPlan.Shared", "BudgetPlan.Shared\BudgetPlan.Shared.csproj", "{6E8771D0-8500-45B8-816C-B6F1226F34F1}"
EndProject
Project("{2150E333-8FDC-42A3-9474-1A3956D46DE8}") = "Core", "Core", "{40B4171E-49C1-4366-A5FA-A0BADF211332}"
EndProject
Project("{2150E333-8FDC-42A3-9474-1A3956D46DE8}") = "Infrastructure", "Infrastructure", "{31313513-A711-4F0F-A36D-F7C9CCBC5D0D}"
EndProject
Project("{2150E333-8FDC-42A3-9474-1A3956D46DE8}") = "IdentityServer", "IdentityServer", "{AF5D9957-6FD1-46E0-82A6-2058742E004E}"
EndProject
Project("{FAE04EC0-301F-11D3-BF4B-00C04F79EFBC}") = "DuendeIdentityServer", "DuendeIdentityServer\DuendeIdentityServer.csproj", "{3CD5A2C0-E9BC-494D-8FA4-9E331EA8E058}"
EndProject
Project("{FAE04EC0-301F-11D3-BF4B-00C04F79EFBC}") = "BudgetPlan.Domain", "BudgetPlan.Domain\BudgetPlan.Domain.csproj", "{3289073C-686B-4594-AC56-A202A5A52B14}"
EndProject
Project("{FAE04EC0-301F-11D3-BF4B-00C04F79EFBC}") = "BudgetPlan.Common", "BudgetPlan.Common\BudgetPlan.Common.csproj", "{9F0CA510-BAA5-4F35-AD46-1A7FC92D914D}"
EndProject
Project("{FAE04EC0-301F-11D3-BF4B-00C04F79EFBC}") = "BudgetPlan.Application", "BudgetPlan.Application\BudgetPlan.Application.csproj", "{B9C2D370-0834-4C3C-A7D5-964FB70EA09A}"
EndProject
Project("{FAE04EC0-301F-11D3-BF4B-00C04F79EFBC}") = "BudgetPlan.Persistence", "BudgetPlan.Persistence\BudgetPlan.Persistence.csproj", "{248BD985-5C11-4624-B092-AD6A25703827}"
EndProject
Project("{FAE04EC0-301F-11D3-BF4B-00C04F79EFBC}") = "BudgetPlan.Infrastructure", "BudgetPlan.Infrastructure\BudgetPlan.Infrastructure.csproj", "{5B78B44A-57A3-43F5-B13F-E0FA0828BCEB}"
EndProject
Project("{2150E333-8FDC-42A3-9474-1A3956D46DE8}") = "Tests", "Tests", "{B6B3FFC8-3D1D-4206-B5E0-E6D427906FF7}"
EndProject
Project("{FAE04EC0-301F-11D3-BF4B-00C04F79EFBC}") = "BudgetPlan.Tests", "BudgetPlan.Tests\BudgetPlan.Tests.csproj", "{AA768080-A8B1-4D8F-A7CB-2C112DA992A6}"
EndProject
Global
	GlobalSection(SolutionConfigurationPlatforms) = preSolution
		Debug|Any CPU = Debug|Any CPU
		Release|Any CPU = Release|Any CPU
	EndGlobalSection
	GlobalSection(ProjectConfigurationPlatforms) = postSolution
		{F24B0E66-591D-4B6D-A95F-D1E7BB780A86}.Debug|Any CPU.ActiveCfg = Debug|Any CPU
		{F24B0E66-591D-4B6D-A95F-D1E7BB780A86}.Debug|Any CPU.Build.0 = Debug|Any CPU
		{F24B0E66-591D-4B6D-A95F-D1E7BB780A86}.Release|Any CPU.ActiveCfg = Release|Any CPU
		{F24B0E66-591D-4B6D-A95F-D1E7BB780A86}.Release|Any CPU.Build.0 = Release|Any CPU
		{BAFB2163-0353-413E-9C69-B7A775A38BF5}.Debug|Any CPU.ActiveCfg = Debug|Any CPU
		{BAFB2163-0353-413E-9C69-B7A775A38BF5}.Debug|Any CPU.Build.0 = Debug|Any CPU
		{BAFB2163-0353-413E-9C69-B7A775A38BF5}.Release|Any CPU.ActiveCfg = Release|Any CPU
		{BAFB2163-0353-413E-9C69-B7A775A38BF5}.Release|Any CPU.Build.0 = Release|Any CPU
		{6E8771D0-8500-45B8-816C-B6F1226F34F1}.Debug|Any CPU.ActiveCfg = Debug|Any CPU
		{6E8771D0-8500-45B8-816C-B6F1226F34F1}.Debug|Any CPU.Build.0 = Debug|Any CPU
		{6E8771D0-8500-45B8-816C-B6F1226F34F1}.Release|Any CPU.ActiveCfg = Release|Any CPU
		{6E8771D0-8500-45B8-816C-B6F1226F34F1}.Release|Any CPU.Build.0 = Release|Any CPU
		{3CD5A2C0-E9BC-494D-8FA4-9E331EA8E058}.Debug|Any CPU.ActiveCfg = Debug|Any CPU
		{3CD5A2C0-E9BC-494D-8FA4-9E331EA8E058}.Debug|Any CPU.Build.0 = Debug|Any CPU
		{3CD5A2C0-E9BC-494D-8FA4-9E331EA8E058}.Release|Any CPU.ActiveCfg = Release|Any CPU
		{3CD5A2C0-E9BC-494D-8FA4-9E331EA8E058}.Release|Any CPU.Build.0 = Release|Any CPU
		{3289073C-686B-4594-AC56-A202A5A52B14}.Debug|Any CPU.ActiveCfg = Debug|Any CPU
		{3289073C-686B-4594-AC56-A202A5A52B14}.Debug|Any CPU.Build.0 = Debug|Any CPU
		{3289073C-686B-4594-AC56-A202A5A52B14}.Release|Any CPU.ActiveCfg = Release|Any CPU
		{3289073C-686B-4594-AC56-A202A5A52B14}.Release|Any CPU.Build.0 = Release|Any CPU
		{9F0CA510-BAA5-4F35-AD46-1A7FC92D914D}.Debug|Any CPU.ActiveCfg = Debug|Any CPU
		{9F0CA510-BAA5-4F35-AD46-1A7FC92D914D}.Debug|Any CPU.Build.0 = Debug|Any CPU
		{9F0CA510-BAA5-4F35-AD46-1A7FC92D914D}.Release|Any CPU.ActiveCfg = Release|Any CPU
		{9F0CA510-BAA5-4F35-AD46-1A7FC92D914D}.Release|Any CPU.Build.0 = Release|Any CPU
		{B9C2D370-0834-4C3C-A7D5-964FB70EA09A}.Debug|Any CPU.ActiveCfg = Debug|Any CPU
		{B9C2D370-0834-4C3C-A7D5-964FB70EA09A}.Debug|Any CPU.Build.0 = Debug|Any CPU
		{B9C2D370-0834-4C3C-A7D5-964FB70EA09A}.Release|Any CPU.ActiveCfg = Release|Any CPU
		{B9C2D370-0834-4C3C-A7D5-964FB70EA09A}.Release|Any CPU.Build.0 = Release|Any CPU
		{248BD985-5C11-4624-B092-AD6A25703827}.Debug|Any CPU.ActiveCfg = Debug|Any CPU
		{248BD985-5C11-4624-B092-AD6A25703827}.Debug|Any CPU.Build.0 = Debug|Any CPU
		{248BD985-5C11-4624-B092-AD6A25703827}.Release|Any CPU.ActiveCfg = Release|Any CPU
		{248BD985-5C11-4624-B092-AD6A25703827}.Release|Any CPU.Build.0 = Release|Any CPU
		{5B78B44A-57A3-43F5-B13F-E0FA0828BCEB}.Debug|Any CPU.ActiveCfg = Debug|Any CPU
		{5B78B44A-57A3-43F5-B13F-E0FA0828BCEB}.Debug|Any CPU.Build.0 = Debug|Any CPU
		{5B78B44A-57A3-43F5-B13F-E0FA0828BCEB}.Release|Any CPU.ActiveCfg = Release|Any CPU
		{5B78B44A-57A3-43F5-B13F-E0FA0828BCEB}.Release|Any CPU.Build.0 = Release|Any CPU
		{AA768080-A8B1-4D8F-A7CB-2C112DA992A6}.Debug|Any CPU.ActiveCfg = Debug|Any CPU
		{AA768080-A8B1-4D8F-A7CB-2C112DA992A6}.Debug|Any CPU.Build.0 = Debug|Any CPU
		{AA768080-A8B1-4D8F-A7CB-2C112DA992A6}.Release|Any CPU.ActiveCfg = Release|Any CPU
		{AA768080-A8B1-4D8F-A7CB-2C112DA992A6}.Release|Any CPU.Build.0 = Release|Any CPU
	EndGlobalSection
	GlobalSection(NestedProjects) = preSolution
		{F24B0E66-591D-4B6D-A95F-D1E7BB780A86} = {91F4D59C-DE49-4C54-B101-22E483FD1002}
		{BAFB2163-0353-413E-9C69-B7A775A38BF5} = {91F4D59C-DE49-4C54-B101-22E483FD1002}
		{6E8771D0-8500-45B8-816C-B6F1226F34F1} = {91F4D59C-DE49-4C54-B101-22E483FD1002}
		{3CD5A2C0-E9BC-494D-8FA4-9E331EA8E058} = {AF5D9957-6FD1-46E0-82A6-2058742E004E}
		{3289073C-686B-4594-AC56-A202A5A52B14} = {40B4171E-49C1-4366-A5FA-A0BADF211332}
		{9F0CA510-BAA5-4F35-AD46-1A7FC92D914D} = {40B4171E-49C1-4366-A5FA-A0BADF211332}
		{B9C2D370-0834-4C3C-A7D5-964FB70EA09A} = {40B4171E-49C1-4366-A5FA-A0BADF211332}
		{248BD985-5C11-4624-B092-AD6A25703827} = {31313513-A711-4F0F-A36D-F7C9CCBC5D0D}
		{5B78B44A-57A3-43F5-B13F-E0FA0828BCEB} = {31313513-A711-4F0F-A36D-F7C9CCBC5D0D}
		{AA768080-A8B1-4D8F-A7CB-2C112DA992A6} = {B6B3FFC8-3D1D-4206-B5E0-E6D427906FF7}
	EndGlobalSection
EndGlobal
